{
  "name": "nonono",
  "version": "1.0.0",
  "lockfileVersion": 1,
  "requires": true,
  "dependencies": {
    "@hyperjump/json-pointer": {
      "version": "0.8.0",
      "resolved": "https://registry.npmjs.org/@hyperjump/json-pointer/-/json-pointer-0.8.0.tgz",
      "integrity": "sha512-zH5NUnUIp5jI4IFKq9lIetlQl0+E6tS0FLTLTJy232ZtbVbB42lxh2+wefx2JIICpUAz5pO7BKGVbBBTA4wzQQ==",
      "requires": {
        "just-curry-it": "^3.1.0"
      }
    },
    "@hyperjump/json-schema": {
      "version": "0.13.0",
      "resolved": "https://registry.npmjs.org/@hyperjump/json-schema/-/json-schema-0.13.0.tgz",
      "integrity": "sha512-iLYmT5EBSxBnrmdciRkx7Il2wDKDY4h25J7FK+tfNChwMPId/DgaqlICt+mi5Yb/0+VSgz0Qx9Ur0oMUFm13PQ==",
      "requires": {
        "@hyperjump/json-schema-core": "^0.16.0",
        "fastest-stable-stringify": "^2.0.2"
      }
    },
    "@hyperjump/json-schema-core": {
      "version": "0.16.1",
      "resolved": "https://registry.npmjs.org/@hyperjump/json-schema-core/-/json-schema-core-0.16.1.tgz",
      "integrity": "sha512-ccMIX/PRGD6A2Eg3uOcYV7kk5eF+OMwbr4ntvDn2mJZezqsiWNmD91pUHc2xfGtoHUKso+E01dYdvhdnWBUkOw==",
      "requires": {
        "@hyperjump/json-pointer": "^0.8.0",
        "@hyperjump/pact": "^0.1.2",
        "content-type": "^1.0.4",
        "node-fetch": "^2.6.1",
        "pubsub-js": "^1.8.0",
        "url-resolve-browser": "^1.2.0"
      }
    },
    "@hyperjump/pact": {
      "version": "0.1.2",
      "resolved": "https://registry.npmjs.org/@hyperjump/pact/-/pact-0.1.2.tgz",
      "integrity": "sha512-ry/2aKD69EgTdOrR5uW4V1HH8Frc/AsFN5qUcyibkGwuIHjGa98LtsToQoRm7Nvg3T0jUBalKj9sWe875VGpwg==",
      "requires": {
        "just-curry-it": "^3.1.0"
      }
    },
    "content-type": {
      "version": "1.0.4",
      "resolved": "https://registry.npmjs.org/content-type/-/content-type-1.0.4.tgz",
      "integrity": "sha512-hIP3EEPs8tB9AT1L+NUqtwOAps4mk2Zob89MWXMHjHWg9milF/j4osnnQLXBCBFBk/tvIG/tUc9mOUJiPBhPXA=="
    },
    "fastest-stable-stringify": {
      "version": "2.0.2",
      "resolved": "https://registry.npmjs.org/fastest-stable-stringify/-/fastest-stable-stringify-2.0.2.tgz",
      "integrity": "sha512-bijHueCGd0LqqNK9b5oCMHc0MluJAx0cwqASgbWMvkO01lCYgIhacVRLcaDz3QnyYIRNJRDwMb41VuT6pHJ91Q=="
    },
    "just-curry-it": {
      "version": "3.1.0",
      "resolved": "https://registry.npmjs.org/just-curry-it/-/just-curry-it-3.1.0.tgz",
      "integrity": "sha512-mjzgSOFzlrurlURaHVjnQodyPNvrHrf1TbQP2XU9NSqBtHQPuHZ+Eb6TAJP7ASeJN9h9K0KXoRTs8u6ouHBKvg=="
    },
    "node-fetch": {
      "version": "2.6.1",
      "resolved": "https://registry.npmjs.org/node-fetch/-/node-fetch-2.6.1.tgz",
      "integrity": "sha512-V4aYg89jEoVRxRb2fJdAg8FHvI7cEyYdVAh94HH0UIK8oJxUfkjlDQN9RbMx+bEjP7+ggMiFRprSti032Oipxw=="
    },
    "pubsub-js": {
      "version": "1.9.0",
      "resolved": "https://registry.npmjs.org/pubsub-js/-/pubsub-js-1.9.0.tgz",
      "integrity": "sha512-bBGaOnAdkn3jhZC71mhjNB4mxQAOM99GTh/NoVuf/VXWUuQAZJGWIkEJlkXi0ACdKx3z65u5qilWaE5G4mMQOw=="
    },
    "url-resolve-browser": {
      "version": "1.2.0",
      "resolved": "https://registry.npmjs.org/url-resolve-browser/-/url-resolve-browser-1.2.0.tgz",
      "integrity": "sha512-L9PBPnlKNDFzt9ElK4br8I8Tufdm1xgv1GhMeiP7ZC87x0b7mr+4vSh13kmPq5km80JKX+UD2BeEFTCrFZ6xDA=="
    }
  }
}
